
Microsoft Visual Studio Solution File, Format Version 12.00
# Visual Studio Version 17
VisualStudioVersion = 17.14.36414.22 d17.14
MinimumVisualStudioVersion = 10.0.40219.1
Project("{FAE04EC0-301F-11D3-BF4B-00C04F79EFBC}") = "WebApplication1", "WebApplication1.csproj", "{93D61767-3268-450D-AB22-041CFBD553B9}"
EndProject
Global
	GlobalSection(SolutionConfigurationPlatforms) = preSolution
		Debug|Any CPU = Debug|Any CPU
		Release|Any CPU = Release|Any CPU
	EndGlobalSection
	GlobalSection(ProjectConfigurationPlatforms) = postSolution
		{93D61767-3268-450D-AB22-041CFBD553B9}.Debug|Any CPU.ActiveCfg = Debug|Any CPU
		{93D61767-3268-450D-AB22-041CFBD553B9}.Debug|Any CPU.Build.0 = Debug|Any CPU
		{93D61767-3268-450D-AB22-041CFBD553B9}.Release|Any CPU.ActiveCfg = Release|Any CPU
		{93D61767-3268-450D-AB22-041CFBD553B9}.Release|Any CPU.Build.0 = Release|Any CPU
	EndGlobalSection
	GlobalSection(SolutionProperties) = preSolution
		HideSolutionNode = FALSE
	EndGlobalSection
	GlobalSection(ExtensibilityGlobals) = postSolution
		SolutionGuid = {A43996F0-DCC9-4670-8F34-3064153C2653}
	EndGlobalSection
EndGlobal
